
Microsoft Visual Studio Solution File, Format Version 12.00
# Visual Studio Version 17
VisualStudioVersion = 17.0.31903.59
MinimumVisualStudioVersion = 10.0.40219.1
Project("{FAE04EC0-301F-11D3-BF4B-00C04F79EFBC}") = "Api", "Api\Api.csproj", "{D0C22C1E-C3BD-4BBE-8D9F-33DAF1B5CB40}"
EndProject
Project("{FAE04EC0-301F-11D3-BF4B-00C04F79EFBC}") = "AppHost", "AppHost\AppHost.csproj", "{2D658505-DDE3-49DF-AF39-2E921C7A984C}"
EndProject
Project("{FAE04EC0-301F-11D3-BF4B-00C04F79EFBC}") = "ServiceDefaults", "ServiceDefaults\ServiceDefaults.csproj", "{6C56AC38-F4CE-492F-BFE5-8444CE785FE4}"
EndProject
Global
	GlobalSection(SolutionConfigurationPlatforms) = preSolution
		Debug|Any CPU = Debug|Any CPU
		Release|Any CPU = Release|Any CPU
	EndGlobalSection
	GlobalSection(SolutionProperties) = preSolution
		HideSolutionNode = FALSE
	EndGlobalSection
	GlobalSection(ProjectConfigurationPlatforms) = postSolution
		{D0C22C1E-C3BD-4BBE-8D9F-33DAF1B5CB40}.Debug|Any CPU.ActiveCfg = Debug|Any CPU
		{D0C22C1E-C3BD-4BBE-8D9F-33DAF1B5CB40}.Debug|Any CPU.Build.0 = Debug|Any CPU
		{D0C22C1E-C3BD-4BBE-8D9F-33DAF1B5CB40}.Release|Any CPU.ActiveCfg = Release|Any CPU
		{D0C22C1E-C3BD-4BBE-8D9F-33DAF1B5CB40}.Release|Any CPU.Build.0 = Release|Any CPU
		{2D658505-DDE3-49DF-AF39-2E921C7A984C}.Debug|Any CPU.ActiveCfg = Debug|Any CPU
		{2D658505-DDE3-49DF-AF39-2E921C7A984C}.Debug|Any CPU.Build.0 = Debug|Any CPU
		{2D658505-DDE3-49DF-AF39-2E921C7A984C}.Release|Any CPU.ActiveCfg = Release|Any CPU
		{2D658505-DDE3-49DF-AF39-2E921C7A984C}.Release|Any CPU.Build.0 = Release|Any CPU
		{6C56AC38-F4CE-492F-BFE5-8444CE785FE4}.Debug|Any CPU.ActiveCfg = Debug|Any CPU
		{6C56AC38-F4CE-492F-BFE5-8444CE785FE4}.Debug|Any CPU.Build.0 = Debug|Any CPU
		{6C56AC38-F4CE-492F-BFE5-8444CE785FE4}.Release|Any CPU.ActiveCfg = Release|Any CPU
		{6C56AC38-F4CE-492F-BFE5-8444CE785FE4}.Release|Any CPU.Build.0 = Release|Any CPU
	EndGlobalSection
EndGlobal
