
Microsoft Visual Studio Solution File, Format Version 12.00
# Visual Studio Version 17
VisualStudioVersion = 17.3.32519.111
MinimumVisualStudioVersion = 10.0.40219.1
Project("{2150E333-8FDC-42A3-9474-1A3956D46DE8}") = "src", "src", "{F9D5C5B8-9933-4AE0-ADAC-6B8C15F7552A}"
	ProjectSection(SolutionItems) = preProject
		src\Directory.Build.props = src\Directory.Build.props
		src\Directory.Packages.props = src\Directory.Packages.props
	EndProjectSection
EndProject
Project("{9A19103F-16F7-4668-BE54-9A1E7A4F7556}") = "Keycloak.AuthServices.Authentication", "src\Keycloak.AuthServices.Authentication\Keycloak.AuthServices.Authentication.csproj", "{F0E53AED-46D8-4665-9222-2E8CE0F2253C}"
EndProject
Project("{2150E333-8FDC-42A3-9474-1A3956D46DE8}") = "samples", "samples", "{AEBE10B1-96B1-4060-B8C1-1F9BFA7A586C}"
EndProject
Project("{9A19103F-16F7-4668-BE54-9A1E7A4F7556}") = "AuthorizationAndCleanArchitecture", "samples\AuthorizationAndCleanArchitecture\AuthorizationAndCleanArchitecture.csproj", "{86FF2CC9-8F13-4A9F-9411-B82D3A40A968}"
EndProject
Project("{9A19103F-16F7-4668-BE54-9A1E7A4F7556}") = "Keycloak.AuthServices.Sdk", "src\Keycloak.AuthServices.Sdk\Keycloak.AuthServices.Sdk.csproj", "{D2FFBD58-E77B-4B27-A1E3-2294BCAEC04A}"
EndProject
Project("{9A19103F-16F7-4668-BE54-9A1E7A4F7556}") = "Keycloak.AuthServices.Authorization", "src\Keycloak.AuthServices.Authorization\Keycloak.AuthServices.Authorization.csproj", "{41E4ECE0-479A-4B33-8E72-30C2B7572B74}"
EndProject
Project("{9A19103F-16F7-4668-BE54-9A1E7A4F7556}") = "Keycloak.AuthServices.Common", "src\Keycloak.AuthServices.Common\Keycloak.AuthServices.Common.csproj", "{C388D1B4-E37B-49B6-9EE0-7B2E32EE3B60}"
EndProject
Project("{2150E333-8FDC-42A3-9474-1A3956D46DE8}") = "docs", "docs", "{048F1701-D246-4C4B-92A7-5A1BE54F6EB4}"
	ProjectSection(SolutionItems) = preProject
		README.md = README.md
	EndProjectSection
EndProject
Project("{2150E333-8FDC-42A3-9474-1A3956D46DE8}") = "build", "build", "{A04EE911-0BE4-49FB-A92C-6CBD4CDF8005}"
	ProjectSection(SolutionItems) = preProject
		build.cake = build.cake
		.github\workflows\build.yml = .github\workflows\build.yml
		dotnet-tools.json = dotnet-tools.json
		global.json = global.json
	EndProjectSection
EndProject
Project("{9A19103F-16F7-4668-BE54-9A1E7A4F7556}") = "AuthGettingStarted", "samples\AuthGettingStarted\AuthGettingStarted.csproj", "{A1BA9E54-A596-4A89-A686-325A719C6827}"
EndProject
Project("{2150E333-8FDC-42A3-9474-1A3956D46DE8}") = "BlazorWASM", "BlazorWASM", "{C0EADAAF-E21C-4C90-9E78-45545006AADB}"
	ProjectSection(SolutionItems) = preProject
		samples\Blazor\docker-compose.yml = samples\Blazor\docker-compose.yml
	EndProjectSection
EndProject
Project("{9A19103F-16F7-4668-BE54-9A1E7A4F7556}") = "Blazor.Server", "samples\Blazor\Server\Blazor.Server.csproj", "{E64494A4-EE3E-47C8-BC12-795B6CD846AB}"
EndProject
Project("{9A19103F-16F7-4668-BE54-9A1E7A4F7556}") = "Blazor.Client", "samples\Blazor\Client\Blazor.Client.csproj", "{0BBF12D1-6ABA-48EE-848D-AB70A089ABEB}"
EndProject
Project("{9A19103F-16F7-4668-BE54-9A1E7A4F7556}") = "Blazor.Shared", "samples\Blazor\Shared\Blazor.Shared.csproj", "{FA611377-9C42-461F-8767-911CA6C6DC83}"
EndProject
Project("{2150E333-8FDC-42A3-9474-1A3956D46DE8}") = "tests", "tests", "{96857509-627A-4FD2-AC82-34387619A7B1}"
	ProjectSection(SolutionItems) = preProject
		tests\Directory.Build.props = tests\Directory.Build.props
	EndProjectSection
EndProject
Project("{9A19103F-16F7-4668-BE54-9A1E7A4F7556}") = "Keycloak.AuthServices.Sdk.Tests", "tests\Keycloak.AuthServices.Sdk.Tests\Keycloak.AuthServices.Sdk.Tests.csproj", "{A85B6B1E-2030-47BE-9B9F-F645B08E501D}"
EndProject
Project("{FAE04EC0-301F-11D3-BF4B-00C04F79EFBC}") = "Keycloak.AuthServices.Authentication.Tests", "tests\Keycloak.AuthServices.Authentication.Tests\Keycloak.AuthServices.Authentication.Tests.csproj", "{FE34728A-25AA-44E1-A3A6-AB500307C406}"
EndProject
Project("{FAE04EC0-301F-11D3-BF4B-00C04F79EFBC}") = "Keycloak.AuthServices.Common.Tests", "tests\Keycloak.AuthServices.Common.Tests\Keycloak.AuthServices.Common.Tests.csproj", "{8F9E1322-568B-4F02-A1DD-4222C8457A42}"
EndProject
Project("{FAE04EC0-301F-11D3-BF4B-00C04F79EFBC}") = "DependsOnNuGetSource", "samples\DependsOnNuGetSource\DependsOnNuGetSource.csproj", "{82DB0FDE-316D-4741-B335-8B7B36DBE962}"
EndProject
Project("{FAE04EC0-301F-11D3-BF4B-00C04F79EFBC}") = "AuthorizationGettingStarted", "samples\AuthorizationGettingStarted\AuthorizationGettingStarted.csproj", "{D64B4098-165B-48AA-BE07-B9E9963E0CB5}"
EndProject
Global
	GlobalSection(SolutionConfigurationPlatforms) = preSolution
		Debug|Any CPU = Debug|Any CPU
		Release|Any CPU = Release|Any CPU
	EndGlobalSection
	GlobalSection(ProjectConfigurationPlatforms) = postSolution
		{F0E53AED-46D8-4665-9222-2E8CE0F2253C}.Debug|Any CPU.ActiveCfg = Debug|Any CPU
		{F0E53AED-46D8-4665-9222-2E8CE0F2253C}.Debug|Any CPU.Build.0 = Debug|Any CPU
		{F0E53AED-46D8-4665-9222-2E8CE0F2253C}.Release|Any CPU.ActiveCfg = Release|Any CPU
		{F0E53AED-46D8-4665-9222-2E8CE0F2253C}.Release|Any CPU.Build.0 = Release|Any CPU
		{86FF2CC9-8F13-4A9F-9411-B82D3A40A968}.Debug|Any CPU.ActiveCfg = Debug|Any CPU
		{86FF2CC9-8F13-4A9F-9411-B82D3A40A968}.Debug|Any CPU.Build.0 = Debug|Any CPU
		{86FF2CC9-8F13-4A9F-9411-B82D3A40A968}.Release|Any CPU.ActiveCfg = Release|Any CPU
		{86FF2CC9-8F13-4A9F-9411-B82D3A40A968}.Release|Any CPU.Build.0 = Release|Any CPU
		{D2FFBD58-E77B-4B27-A1E3-2294BCAEC04A}.Debug|Any CPU.ActiveCfg = Debug|Any CPU
		{D2FFBD58-E77B-4B27-A1E3-2294BCAEC04A}.Debug|Any CPU.Build.0 = Debug|Any CPU
		{D2FFBD58-E77B-4B27-A1E3-2294BCAEC04A}.Release|Any CPU.ActiveCfg = Release|Any CPU
		{D2FFBD58-E77B-4B27-A1E3-2294BCAEC04A}.Release|Any CPU.Build.0 = Release|Any CPU
		{41E4ECE0-479A-4B33-8E72-30C2B7572B74}.Debug|Any CPU.ActiveCfg = Debug|Any CPU
		{41E4ECE0-479A-4B33-8E72-30C2B7572B74}.Debug|Any CPU.Build.0 = Debug|Any CPU
		{41E4ECE0-479A-4B33-8E72-30C2B7572B74}.Release|Any CPU.ActiveCfg = Release|Any CPU
		{41E4ECE0-479A-4B33-8E72-30C2B7572B74}.Release|Any CPU.Build.0 = Release|Any CPU
		{C388D1B4-E37B-49B6-9EE0-7B2E32EE3B60}.Debug|Any CPU.ActiveCfg = Debug|Any CPU
		{C388D1B4-E37B-49B6-9EE0-7B2E32EE3B60}.Debug|Any CPU.Build.0 = Debug|Any CPU
		{C388D1B4-E37B-49B6-9EE0-7B2E32EE3B60}.Release|Any CPU.ActiveCfg = Release|Any CPU
		{C388D1B4-E37B-49B6-9EE0-7B2E32EE3B60}.Release|Any CPU.Build.0 = Release|Any CPU
		{A1BA9E54-A596-4A89-A686-325A719C6827}.Debug|Any CPU.ActiveCfg = Debug|Any CPU
		{A1BA9E54-A596-4A89-A686-325A719C6827}.Debug|Any CPU.Build.0 = Debug|Any CPU
		{A1BA9E54-A596-4A89-A686-325A719C6827}.Release|Any CPU.ActiveCfg = Release|Any CPU
		{A1BA9E54-A596-4A89-A686-325A719C6827}.Release|Any CPU.Build.0 = Release|Any CPU
		{E64494A4-EE3E-47C8-BC12-795B6CD846AB}.Debug|Any CPU.ActiveCfg = Debug|Any CPU
		{E64494A4-EE3E-47C8-BC12-795B6CD846AB}.Debug|Any CPU.Build.0 = Debug|Any CPU
		{E64494A4-EE3E-47C8-BC12-795B6CD846AB}.Release|Any CPU.ActiveCfg = Release|Any CPU
		{E64494A4-EE3E-47C8-BC12-795B6CD846AB}.Release|Any CPU.Build.0 = Release|Any CPU
		{0BBF12D1-6ABA-48EE-848D-AB70A089ABEB}.Debug|Any CPU.ActiveCfg = Debug|Any CPU
		{0BBF12D1-6ABA-48EE-848D-AB70A089ABEB}.Debug|Any CPU.Build.0 = Debug|Any CPU
		{0BBF12D1-6ABA-48EE-848D-AB70A089ABEB}.Release|Any CPU.ActiveCfg = Release|Any CPU
		{0BBF12D1-6ABA-48EE-848D-AB70A089ABEB}.Release|Any CPU.Build.0 = Release|Any CPU
		{FA611377-9C42-461F-8767-911CA6C6DC83}.Debug|Any CPU.ActiveCfg = Debug|Any CPU
		{FA611377-9C42-461F-8767-911CA6C6DC83}.Debug|Any CPU.Build.0 = Debug|Any CPU
		{FA611377-9C42-461F-8767-911CA6C6DC83}.Release|Any CPU.ActiveCfg = Release|Any CPU
		{FA611377-9C42-461F-8767-911CA6C6DC83}.Release|Any CPU.Build.0 = Release|Any CPU
		{A85B6B1E-2030-47BE-9B9F-F645B08E501D}.Debug|Any CPU.ActiveCfg = Debug|Any CPU
		{A85B6B1E-2030-47BE-9B9F-F645B08E501D}.Debug|Any CPU.Build.0 = Debug|Any CPU
		{A85B6B1E-2030-47BE-9B9F-F645B08E501D}.Release|Any CPU.ActiveCfg = Release|Any CPU
		{A85B6B1E-2030-47BE-9B9F-F645B08E501D}.Release|Any CPU.Build.0 = Release|Any CPU
		{FE34728A-25AA-44E1-A3A6-AB500307C406}.Debug|Any CPU.ActiveCfg = Debug|Any CPU
		{FE34728A-25AA-44E1-A3A6-AB500307C406}.Debug|Any CPU.Build.0 = Debug|Any CPU
		{FE34728A-25AA-44E1-A3A6-AB500307C406}.Release|Any CPU.ActiveCfg = Release|Any CPU
		{FE34728A-25AA-44E1-A3A6-AB500307C406}.Release|Any CPU.Build.0 = Release|Any CPU
		{8F9E1322-568B-4F02-A1DD-4222C8457A42}.Debug|Any CPU.ActiveCfg = Debug|Any CPU
		{8F9E1322-568B-4F02-A1DD-4222C8457A42}.Debug|Any CPU.Build.0 = Debug|Any CPU
		{8F9E1322-568B-4F02-A1DD-4222C8457A42}.Release|Any CPU.ActiveCfg = Release|Any CPU
		{8F9E1322-568B-4F02-A1DD-4222C8457A42}.Release|Any CPU.Build.0 = Release|Any CPU
		{82DB0FDE-316D-4741-B335-8B7B36DBE962}.Debug|Any CPU.ActiveCfg = Debug|Any CPU
		{82DB0FDE-316D-4741-B335-8B7B36DBE962}.Debug|Any CPU.Build.0 = Debug|Any CPU
		{82DB0FDE-316D-4741-B335-8B7B36DBE962}.Release|Any CPU.ActiveCfg = Release|Any CPU
		{82DB0FDE-316D-4741-B335-8B7B36DBE962}.Release|Any CPU.Build.0 = Release|Any CPU
		{D64B4098-165B-48AA-BE07-B9E9963E0CB5}.Debug|Any CPU.ActiveCfg = Debug|Any CPU
		{D64B4098-165B-48AA-BE07-B9E9963E0CB5}.Debug|Any CPU.Build.0 = Debug|Any CPU
		{D64B4098-165B-48AA-BE07-B9E9963E0CB5}.Release|Any CPU.ActiveCfg = Release|Any CPU
		{D64B4098-165B-48AA-BE07-B9E9963E0CB5}.Release|Any CPU.Build.0 = Release|Any CPU
	EndGlobalSection
	GlobalSection(SolutionProperties) = preSolution
		HideSolutionNode = FALSE
	EndGlobalSection
	GlobalSection(NestedProjects) = preSolution
		{F0E53AED-46D8-4665-9222-2E8CE0F2253C} = {F9D5C5B8-9933-4AE0-ADAC-6B8C15F7552A}
		{86FF2CC9-8F13-4A9F-9411-B82D3A40A968} = {AEBE10B1-96B1-4060-B8C1-1F9BFA7A586C}
		{D2FFBD58-E77B-4B27-A1E3-2294BCAEC04A} = {F9D5C5B8-9933-4AE0-ADAC-6B8C15F7552A}
		{41E4ECE0-479A-4B33-8E72-30C2B7572B74} = {F9D5C5B8-9933-4AE0-ADAC-6B8C15F7552A}
		{C388D1B4-E37B-49B6-9EE0-7B2E32EE3B60} = {F9D5C5B8-9933-4AE0-ADAC-6B8C15F7552A}
		{A1BA9E54-A596-4A89-A686-325A719C6827} = {AEBE10B1-96B1-4060-B8C1-1F9BFA7A586C}
		{C0EADAAF-E21C-4C90-9E78-45545006AADB} = {AEBE10B1-96B1-4060-B8C1-1F9BFA7A586C}
		{E64494A4-EE3E-47C8-BC12-795B6CD846AB} = {C0EADAAF-E21C-4C90-9E78-45545006AADB}
		{0BBF12D1-6ABA-48EE-848D-AB70A089ABEB} = {C0EADAAF-E21C-4C90-9E78-45545006AADB}
		{FA611377-9C42-461F-8767-911CA6C6DC83} = {C0EADAAF-E21C-4C90-9E78-45545006AADB}
		{A85B6B1E-2030-47BE-9B9F-F645B08E501D} = {96857509-627A-4FD2-AC82-34387619A7B1}
		{FE34728A-25AA-44E1-A3A6-AB500307C406} = {96857509-627A-4FD2-AC82-34387619A7B1}
		{8F9E1322-568B-4F02-A1DD-4222C8457A42} = {96857509-627A-4FD2-AC82-34387619A7B1}
		{82DB0FDE-316D-4741-B335-8B7B36DBE962} = {AEBE10B1-96B1-4060-B8C1-1F9BFA7A586C}
		{D64B4098-165B-48AA-BE07-B9E9963E0CB5} = {AEBE10B1-96B1-4060-B8C1-1F9BFA7A586C}
	EndGlobalSection
	GlobalSection(ExtensibilityGlobals) = postSolution
		SolutionGuid = {E1907BFD-C144-4B48-AA40-972F499D4E08}
	EndGlobalSection
EndGlobal
